{
  "version": 4,
  "terraform_version": "0.13.2",
  "serial": 45,
  "lineage": "02987892-1bfd-d250-01f9-9955bd6e3858",
  "outputs": {},
  "resources": [
    {
      "mode": "managed",
      "type": "azurerm_network_interface",
      "name": "main",
      "provider": "provider[\"registry.terraform.io/hashicorp/azurerm\"]",
      "instances": [
        {
          "schema_version": 0,
          "attributes": {
            "applied_dns_servers": [],
            "dns_servers": [],
            "enable_accelerated_networking": false,
            "enable_ip_forwarding": false,
            "id": "/subscriptions/07434f58-9ca2-4a76-b72f-e615836f2bb4/resourceGroups/Terraform-MARB/providers/Microsoft.Network/networkInterfaces/destino-nic",
            "internal_dns_name_label": "",
            "ip_configuration": [
              {
                "name": "testconfiguration1",
                "primary": true,
                "private_ip_address": "10.10.10.4",
                "private_ip_address_allocation": "Dynamic",
                "private_ip_address_version": "IPv4",
                "public_ip_address_id": "",
                "subnet_id": "/subscriptions/07434f58-9ca2-4a76-b72f-e615836f2bb4/resourceGroups/Terraform-MARB/providers/Microsoft.Network/virtualNetworks/TerraformVN1/subnets/Subnet1"
              }
            ],
            "location": "eastus2",
            "mac_address": "",
            "name": "destino-nic",
            "private_ip_address": "10.10.10.4",
            "private_ip_addresses": [
              "10.10.10.4"
            ],
            "resource_group_name": "Terraform-MARB",
            "tags": null,
            "timeouts": null,
            "virtual_machine_id": ""
          },
          "private": "eyJlMmJmYjczMC1lY2FhLTExZTYtOGY4OC0zNDM2M2JjN2M0YzAiOnsiY3JlYXRlIjoxODAwMDAwMDAwMDAwLCJkZWxldGUiOjE4MDAwMDAwMDAwMDAsInJlYWQiOjMwMDAwMDAwMDAwMCwidXBkYXRlIjoxODAwMDAwMDAwMDAwfX0=",
          "dependencies": [
            "azurerm_resource_group.Terraform-test",
            "azurerm_subnet.SubN1",
            "azurerm_virtual_network.VN1"
          ]
        }
      ]
    },
    {
      "mode": "managed",
      "type": "azurerm_resource_group",
      "name": "Terraform-test",
      "provider": "provider[\"registry.terraform.io/hashicorp/azurerm\"]",
      "instances": [
        {
          "schema_version": 0,
          "attributes": {
            "id": "/subscriptions/07434f58-9ca2-4a76-b72f-e615836f2bb4/resourceGroups/Terraform-MARB",
            "location": "eastus2",
            "name": "Terraform-MARB",
            "tags": null,
            "timeouts": null
          },
          "private": "eyJlMmJmYjczMC1lY2FhLTExZTYtOGY4OC0zNDM2M2JjN2M0YzAiOnsiY3JlYXRlIjo1NDAwMDAwMDAwMDAwLCJkZWxldGUiOjU0MDAwMDAwMDAwMDAsInJlYWQiOjMwMDAwMDAwMDAwMCwidXBkYXRlIjo1NDAwMDAwMDAwMDAwfX0="
        }
      ]
    },
    {
      "mode": "managed",
      "type": "azurerm_subnet",
      "name": "SubN1",
      "provider": "provider[\"registry.terraform.io/hashicorp/azurerm\"]",
      "instances": [
        {
          "schema_version": 0,
          "attributes": {
            "address_prefix": "10.10.10.0/24",
            "delegation": [],
            "enforce_private_link_endpoint_network_policies": false,
            "enforce_private_link_service_network_policies": false,
            "id": "/subscriptions/07434f58-9ca2-4a76-b72f-e615836f2bb4/resourceGroups/Terraform-MARB/providers/Microsoft.Network/virtualNetworks/TerraformVN1/subnets/Subnet1",
            "name": "Subnet1",
            "resource_group_name": "Terraform-MARB",
            "service_endpoints": null,
            "timeouts": null,
            "virtual_network_name": "TerraformVN1"
          },
          "private": "eyJlMmJmYjczMC1lY2FhLTExZTYtOGY4OC0zNDM2M2JjN2M0YzAiOnsiY3JlYXRlIjoxODAwMDAwMDAwMDAwLCJkZWxldGUiOjE4MDAwMDAwMDAwMDAsInJlYWQiOjMwMDAwMDAwMDAwMCwidXBkYXRlIjoxODAwMDAwMDAwMDAwfX0=",
          "dependencies": [
            "azurerm_resource_group.Terraform-test",
            "azurerm_virtual_network.VN1"
          ]
        }
      ]
    },
    {
      "mode": "managed",
      "type": "azurerm_virtual_machine",
      "name": "main",
      "provider": "provider[\"registry.terraform.io/hashicorp/azurerm\"]",
      "instances": [
        {
          "schema_version": 0,
          "attributes": {
            "additional_capabilities": [],
            "availability_set_id": null,
            "boot_diagnostics": [],
            "delete_data_disks_on_termination": true,
            "delete_os_disk_on_termination": true,
            "id": "/subscriptions/07434f58-9ca2-4a76-b72f-e615836f2bb4/resourceGroups/Terraform-MARB/providers/Microsoft.Compute/virtualMachines/destino-vm",
            "identity": [],
            "license_type": null,
            "location": "eastus2",
            "name": "destino-vm",
            "network_interface_ids": [
              "/subscriptions/07434f58-9ca2-4a76-b72f-e615836f2bb4/resourceGroups/Terraform-MARB/providers/Microsoft.Network/networkInterfaces/destino-nic"
            ],
            "os_profile": [
              {
                "admin_password": "",
                "admin_username": "testadmin",
                "computer_name": "hostname",
                "custom_data": ""
              }
            ],
            "os_profile_linux_config": [
              {
                "disable_password_authentication": false,
                "ssh_keys": []
              }
            ],
            "os_profile_secrets": [],
            "os_profile_windows_config": [],
            "plan": [],
            "primary_network_interface_id": null,
            "proximity_placement_group_id": null,
            "resource_group_name": "Terraform-MARB",
            "storage_data_disk": [],
            "storage_image_reference": [
              {
                "id": "",
                "offer": "UbuntuServer",
                "publisher": "Canonical",
                "sku": "16.04-LTS",
                "version": "latest"
              }
            ],
            "storage_os_disk": [
              {
                "caching": "ReadWrite",
                "create_option": "FromImage",
                "disk_size_gb": 30,
                "image_uri": "",
                "managed_disk_id": "/subscriptions/07434f58-9ca2-4a76-b72f-e615836f2bb4/resourceGroups/TERRAFORM-MARB/providers/Microsoft.Compute/disks/myosdisk1",
                "managed_disk_type": "Standard_LRS",
                "name": "myosdisk1",
                "os_type": "Linux",
                "vhd_uri": "",
                "write_accelerator_enabled": false
              }
            ],
            "tags": {
              "environment": "staging"
            },
            "timeouts": null,
            "vm_size": "Standard_DS1_v2",
            "zones": null
          },
          "private": "eyJlMmJmYjczMC1lY2FhLTExZTYtOGY4OC0zNDM2M2JjN2M0YzAiOnsiY3JlYXRlIjozNjAwMDAwMDAwMDAwLCJkZWxldGUiOjM2MDAwMDAwMDAwMDAsInJlYWQiOjMwMDAwMDAwMDAwMCwidXBkYXRlIjozNjAwMDAwMDAwMDAwfX0=",
          "dependencies": [
            "azurerm_network_interface.main",
            "azurerm_resource_group.Terraform-test",
            "azurerm_subnet.SubN1",
            "azurerm_virtual_network.VN1"
          ]
        }
      ]
    },
    {
      "mode": "managed",
      "type": "azurerm_virtual_network",
      "name": "VN1",
      "provider": "provider[\"registry.terraform.io/hashicorp/azurerm\"]",
      "instances": [
        {
          "schema_version": 0,
          "attributes": {
            "address_space": [
              "10.10.0.0/16"
            ],
            "ddos_protection_plan": [],
            "dns_servers": null,
            "id": "/subscriptions/07434f58-9ca2-4a76-b72f-e615836f2bb4/resourceGroups/Terraform-MARB/providers/Microsoft.Network/virtualNetworks/TerraformVN1",
            "location": "eastus2",
            "name": "TerraformVN1",
            "resource_group_name": "Terraform-MARB",
            "subnet": [],
            "tags": null,
            "timeouts": null
          },
          "private": "eyJlMmJmYjczMC1lY2FhLTExZTYtOGY4OC0zNDM2M2JjN2M0YzAiOnsiY3JlYXRlIjoxODAwMDAwMDAwMDAwLCJkZWxldGUiOjE4MDAwMDAwMDAwMDAsInJlYWQiOjMwMDAwMDAwMDAwMCwidXBkYXRlIjoxODAwMDAwMDAwMDAwfX0=",
          "dependencies": [
            "azurerm_resource_group.Terraform-test"
          ]
        }
      ]
    }
  ]
}
