{
  "version": 4,
  "terraform_version": "0.13.2",
  "serial": 34,
  "lineage": "02987892-1bfd-d250-01f9-9955bd6e3858",
  "outputs": {},
  "resources": [
    {
      "mode": "managed",
      "type": "azurerm_container_group",
      "name": "Container1",
      "provider": "provider[\"registry.terraform.io/hashicorp/azurerm\"]",
      "instances": [
        {
          "schema_version": 0,
          "attributes": {
            "container": [
              {
                "commands": [],
                "cpu": 0.5,
                "environment_variables": null,
                "gpu": [],
                "image": "microsoft/aci-helloworld:latest",
                "liveness_probe": [],
                "memory": 1.5,
                "name": "hello-world",
                "ports": [
                  {
                    "port": 443,
                    "protocol": "TCP"
                  }
                ],
                "readiness_probe": [],
                "secure_environment_variables": null,
                "volume": []
              },
              {
                "commands": [],
                "cpu": 0.5,
                "environment_variables": null,
                "gpu": [],
                "image": "microsoft/aci-tutorial-sidecar",
                "liveness_probe": [],
                "memory": 1.5,
                "name": "sidecar",
                "ports": [],
                "readiness_probe": [],
                "secure_environment_variables": null,
                "volume": []
              }
            ],
            "diagnostics": [],
            "dns_name_label": "Cont-label",
            "fqdn": "Cont-label.eastus2.azurecontainer.io",
            "id": "/subscriptions/07434f58-9ca2-4a76-b72f-e615836f2bb4/resourceGroups/Terraform-MARB/providers/Microsoft.ContainerInstance/containerGroups/example-continst",
            "identity": [],
            "image_registry_credential": [],
            "ip_address": "52.167.251.79",
            "ip_address_type": "Public",
            "location": "eastus2",
            "name": "example-continst",
            "network_profile_id": null,
            "os_type": "Linux",
            "resource_group_name": "Terraform-MARB",
            "restart_policy": "Always",
            "tags": {
              "environment": "testing"
            },
            "timeouts": null
          },
          "private": "eyJlMmJmYjczMC1lY2FhLTExZTYtOGY4OC0zNDM2M2JjN2M0YzAiOnsiY3JlYXRlIjoxODAwMDAwMDAwMDAwLCJkZWxldGUiOjE4MDAwMDAwMDAwMDAsInJlYWQiOjMwMDAwMDAwMDAwMCwidXBkYXRlIjoxODAwMDAwMDAwMDAwfX0=",
          "dependencies": [
            "azurerm_resource_group.Terraform-test"
          ]
        }
      ]
    },
    {
      "mode": "managed",
      "type": "azurerm_resource_group",
      "name": "Terraform-test",
      "provider": "provider[\"registry.terraform.io/hashicorp/azurerm\"]",
      "instances": [
        {
          "schema_version": 0,
          "attributes": {
            "id": "/subscriptions/07434f58-9ca2-4a76-b72f-e615836f2bb4/resourceGroups/Terraform-MARB",
            "location": "eastus2",
            "name": "Terraform-MARB",
            "tags": {},
            "timeouts": null
          },
          "private": "eyJlMmJmYjczMC1lY2FhLTExZTYtOGY4OC0zNDM2M2JjN2M0YzAiOnsiY3JlYXRlIjo1NDAwMDAwMDAwMDAwLCJkZWxldGUiOjU0MDAwMDAwMDAwMDAsInJlYWQiOjMwMDAwMDAwMDAwMCwidXBkYXRlIjo1NDAwMDAwMDAwMDAwfX0="
        }
      ]
    },
    {
      "mode": "managed",
      "type": "azurerm_subnet",
      "name": "SubN1",
      "provider": "provider[\"registry.terraform.io/hashicorp/azurerm\"]",
      "instances": [
        {
          "schema_version": 0,
          "attributes": {
            "address_prefix": "10.10.10.0/24",
            "delegation": [],
            "enforce_private_link_endpoint_network_policies": false,
            "enforce_private_link_service_network_policies": false,
            "id": "/subscriptions/07434f58-9ca2-4a76-b72f-e615836f2bb4/resourceGroups/Terraform-MARB/providers/Microsoft.Network/virtualNetworks/TerraformVN1/subnets/Subnet1",
            "name": "Subnet1",
            "resource_group_name": "Terraform-MARB",
            "service_endpoints": [],
            "timeouts": null,
            "virtual_network_name": "TerraformVN1"
          },
          "private": "eyJlMmJmYjczMC1lY2FhLTExZTYtOGY4OC0zNDM2M2JjN2M0YzAiOnsiY3JlYXRlIjoxODAwMDAwMDAwMDAwLCJkZWxldGUiOjE4MDAwMDAwMDAwMDAsInJlYWQiOjMwMDAwMDAwMDAwMCwidXBkYXRlIjoxODAwMDAwMDAwMDAwfX0=",
          "dependencies": [
            "azurerm_resource_group.Terraform-test",
            "azurerm_virtual_network.VN1"
          ]
        }
      ]
    },
    {
      "mode": "managed",
      "type": "azurerm_virtual_network",
      "name": "VN1",
      "provider": "provider[\"registry.terraform.io/hashicorp/azurerm\"]",
      "instances": [
        {
          "schema_version": 0,
          "attributes": {
            "address_space": [
              "10.10.0.0/16"
            ],
            "ddos_protection_plan": [],
            "dns_servers": [],
            "id": "/subscriptions/07434f58-9ca2-4a76-b72f-e615836f2bb4/resourceGroups/Terraform-MARB/providers/Microsoft.Network/virtualNetworks/TerraformVN1",
            "location": "eastus2",
            "name": "TerraformVN1",
            "resource_group_name": "Terraform-MARB",
            "subnet": [
              {
                "address_prefix": "10.10.10.0/24",
                "id": "/subscriptions/07434f58-9ca2-4a76-b72f-e615836f2bb4/resourceGroups/Terraform-MARB/providers/Microsoft.Network/virtualNetworks/TerraformVN1/subnets/Subnet1",
                "name": "Subnet1",
                "security_group": ""
              }
            ],
            "tags": {},
            "timeouts": null
          },
          "private": "eyJlMmJmYjczMC1lY2FhLTExZTYtOGY4OC0zNDM2M2JjN2M0YzAiOnsiY3JlYXRlIjoxODAwMDAwMDAwMDAwLCJkZWxldGUiOjE4MDAwMDAwMDAwMDAsInJlYWQiOjMwMDAwMDAwMDAwMCwidXBkYXRlIjoxODAwMDAwMDAwMDAwfX0=",
          "dependencies": [
            "azurerm_resource_group.Terraform-test"
          ]
        }
      ]
    }
  ]
}
